// !$*UTF8*$!
{
	archiveVersion = 1;
	classes = {
	};
	objectVersion = 50;
	objects = {

/* Begin PBXBuildFile section */
		FA8DE71C20DC973E0070942E /* ACAppDelegate.m in Sources */ = {isa = PBXBuildFile; fileRef = FA8DE71B20DC973E0070942E /* ACAppDelegate.m */; };
		FA8DE71F20DC973E0070942E /* ACSwipCardVC.m in Sources */ = {isa = PBXBuildFile; fileRef = FA8DE71E20DC973E0070942E /* ACSwipCardVC.m */; };
		FA8DE72220DC973E0070942E /* Main.storyboard in Resources */ = {isa = PBXBuildFile; fileRef = FA8DE72020DC973E0070942E /* Main.storyboard */; };
		FA8DE72420DC97400070942E /* Assets.xcassets in Resources */ = {isa = PBXBuildFile; fileRef = FA8DE72320DC97400070942E /* Assets.xcassets */; };
		FA8DE72720DC97400070942E /* LaunchScreen.storyboard in Resources */ = {isa = PBXBuildFile; fileRef = FA8DE72520DC97400070942E /* LaunchScreen.storyboard */; };
		FA8DE72A20DC97400070942E /* main.m in Sources */ = {isa = PBXBuildFile; fileRef = FA8DE72920DC97400070942E /* main.m */; };
		FA8DE73520DC98E20070942E /* WQKSwipeCardView.m in Sources */ = {isa = PBXBuildFile; fileRef = FA8DE73320DC98E20070942E /* WQKSwipeCardView.m */; };
		FA8DE73620DC98E20070942E /* WQKSwipeCardCenter.m in Sources */ = {isa = PBXBuildFile; fileRef = FA8DE73420DC98E20070942E /* WQKSwipeCardCenter.m */; };
/* End PBXBuildFile section */

/* Begin PBXFileReference section */
		FA8DE71720DC973E0070942E /* ACSwipeCardView.app */ = {isa = PBXFileReference; explicitFileType = wrapper.application; includeInIndex = 0; path = ACSwipeCardView.app; sourceTree = BUILT_PRODUCTS_DIR; };
		FA8DE71A20DC973E0070942E /* ACAppDelegate.h */ = {isa = PBXFileReference; lastKnownFileType = sourcecode.c.h; path = ACAppDelegate.h; sourceTree = "<group>"; };
		FA8DE71B20DC973E0070942E /* ACAppDelegate.m */ = {isa = PBXFileReference; lastKnownFileType = sourcecode.c.objc; path = ACAppDelegate.m; sourceTree = "<group>"; };
		FA8DE71D20DC973E0070942E /* ACSwipCardVC.h */ = {isa = PBXFileReference; lastKnownFileType = sourcecode.c.h; path = ACSwipCardVC.h; sourceTree = "<group>"; };
		FA8DE71E20DC973E0070942E /* ACSwipCardVC.m */ = {isa = PBXFileReference; lastKnownFileType = sourcecode.c.objc; path = ACSwipCardVC.m; sourceTree = "<group>"; };
		FA8DE72120DC973E0070942E /* Base */ = {isa = PBXFileReference; lastKnownFileType = file.storyboard; name = Base; path = Base.lproj/Main.storyboard; sourceTree = "<group>"; };
		FA8DE72320DC97400070942E /* Assets.xcassets */ = {isa = PBXFileReference; lastKnownFileType = folder.assetcatalog; path = Assets.xcassets; sourceTree = "<group>"; };
		FA8DE72620DC97400070942E /* Base */ = {isa = PBXFileReference; lastKnownFileType = file.storyboard; name = Base; path = Base.lproj/LaunchScreen.storyboard; sourceTree = "<group>"; };
		FA8DE72820DC97400070942E /* Info.plist */ = {isa = PBXFileReference; lastKnownFileType = text.plist.xml; path = Info.plist; sourceTree = "<group>"; };
		FA8DE72920DC97400070942E /* main.m */ = {isa = PBXFileReference; lastKnownFileType = sourcecode.c.objc; path = main.m; sourceTree = "<group>"; };
		FA8DE73120DC98E20070942E /* WQKSwipeCardView.h */ = {isa = PBXFileReference; fileEncoding = 4; lastKnownFileType = sourcecode.c.h; path = WQKSwipeCardView.h; sourceTree = "<group>"; };
		FA8DE73220DC98E20070942E /* WQKSwipeCardCenter.h */ = {isa = PBXFileReference; fileEncoding = 4; lastKnownFileType = sourcecode.c.h; path = WQKSwipeCardCenter.h; sourceTree = "<group>"; };
		FA8DE73320DC98E20070942E /* WQKSwipeCardView.m */ = {isa = PBXFileReference; fileEncoding = 4; lastKnownFileType = sourcecode.c.objc; path = WQKSwipeCardView.m; sourceTree = "<group>"; };
		FA8DE73420DC98E20070942E /* WQKSwipeCardCenter.m */ = {isa = PBXFileReference; fileEncoding = 4; lastKnownFileType = sourcecode.c.objc; path = WQKSwipeCardCenter.m; sourceTree = "<group>"; };
/* End PBXFileReference section */

/* Begin PBXFrameworksBuildPhase section */
		FA8DE71420DC973E0070942E /* Frameworks */ = {
			isa = PBXFrameworksBuildPhase;
			buildActionMask = 2147483647;
			files = (
			);
			runOnlyForDeploymentPostprocessing = 0;
		};
/* End PBXFrameworksBuildPhase section */

/* Begin PBXGroup section */
		FA8DE70E20DC973E0070942E = {
			isa = PBXGroup;
			children = (
				FA8DE71920DC973E0070942E /* ACSwipeCardView */,
				FA8DE71820DC973E0070942E /* Products */,
			);
			sourceTree = "<group>";
		};
		FA8DE71820DC973E0070942E /* Products */ = {
			isa = PBXGroup;
			children = (
				FA8DE71720DC973E0070942E /* ACSwipeCardView.app */,
			);
			name = Products;
			sourceTree = "<group>";
		};
		FA8DE71920DC973E0070942E /* ACSwipeCardView */ = {
			isa = PBXGroup;
			children = (
				FA8DE73020DC98830070942E /* ACSwipCardView */,
				FA8DE71A20DC973E0070942E /* ACAppDelegate.h */,
				FA8DE71B20DC973E0070942E /* ACAppDelegate.m */,
				FA8DE71D20DC973E0070942E /* ACSwipCardVC.h */,
				FA8DE71E20DC973E0070942E /* ACSwipCardVC.m */,
				FA8DE72020DC973E0070942E /* Main.storyboard */,
				FA8DE72320DC97400070942E /* Assets.xcassets */,
				FA8DE72520DC97400070942E /* LaunchScreen.storyboard */,
				FA8DE72820DC97400070942E /* Info.plist */,
				FA8DE72920DC97400070942E /* main.m */,
			);
			path = ACSwipeCardView;
			sourceTree = "<group>";
		};
		FA8DE73020DC98830070942E /* ACSwipCardView */ = {
			isa = PBXGroup;
			children = (
				FA8DE73220DC98E20070942E /* WQKSwipeCardCenter.h */,
				FA8DE73420DC98E20070942E /* WQKSwipeCardCenter.m */,
				FA8DE73120DC98E20070942E /* WQKSwipeCardView.h */,
				FA8DE73320DC98E20070942E /* WQKSwipeCardView.m */,
			);
			path = ACSwipCardView;
			sourceTree = "<group>";
		};
/* End PBXGroup section */

/* Begin PBXNativeTarget section */
		FA8DE71620DC973E0070942E /* ACSwipeCardView */ = {
			isa = PBXNativeTarget;
			buildConfigurationList = FA8DE72D20DC97400070942E /* Build configuration list for PBXNativeTarget "ACSwipeCardView" */;
			buildPhases = (
				FA8DE71320DC973E0070942E /* Sources */,
				FA8DE71420DC973E0070942E /* Frameworks */,
				FA8DE71520DC973E0070942E /* Resources */,
			);
			buildRules = (
			);
			dependencies = (
			);
			name = ACSwipeCardView;
			productName = ACSwipeCardView;
			productReference = FA8DE71720DC973E0070942E /* ACSwipeCardView.app */;
			productType = "com.apple.product-type.application";
		};
/* End PBXNativeTarget section */

/* Begin PBXProject section */
		FA8DE70F20DC973E0070942E /* Project object */ = {
			isa = PBXProject;
			attributes = {
				CLASSPREFIX = AC;
				LastUpgradeCheck = 0940;
				ORGANIZATIONNAME = AlexCorleone;
				TargetAttributes = {
					FA8DE71620DC973E0070942E = {
						CreatedOnToolsVersion = 9.4.1;
					};
				};
			};
			buildConfigurationList = FA8DE71220DC973E0070942E /* Build configuration list for PBXProject "ACSwipeCardView" */;
			compatibilityVersion = "Xcode 9.3";
			developmentRegion = en;
			hasScannedForEncodings = 0;
			knownRegions = (
				en,
				Base,
			);
			mainGroup = FA8DE70E20DC973E0070942E;
			productRefGroup = FA8DE71820DC973E0070942E /* Products */;
			projectDirPath = "";
			projectRoot = "";
			targets = (
				FA8DE71620DC973E0070942E /* ACSwipeCardView */,
			);
		};
/* End PBXProject section */

/* Begin PBXResourcesBuildPhase section */
		FA8DE71520DC973E0070942E /* Resources */ = {
			isa = PBXResourcesBuildPhase;
			buildActionMask = 2147483647;
			files = (
				FA8DE72720DC97400070942E /* LaunchScreen.storyboard in Resources */,
				FA8DE72420DC97400070942E /* Assets.xcassets in Resources */,
				FA8DE72220DC973E0070942E /* Main.storyboard in Resources */,
			);
			runOnlyForDeploymentPostprocessing = 0;
		};
/* End PBXResourcesBuildPhase section */

/* Begin PBXSourcesBuildPhase section */
		FA8DE71320DC973E0070942E /* Sources */ = {
			isa = PBXSourcesBuildPhase;
			buildActionMask = 2147483647;
			files = (
				FA8DE73620DC98E20070942E /* WQKSwipeCardCenter.m in Sources */,
				FA8DE71F20DC973E0070942E /* ACSwipCardVC.m in Sources */,
				FA8DE73520DC98E20070942E /* WQKSwipeCardView.m in Sources */,
				FA8DE72A20DC97400070942E /* main.m in Sources */,
				FA8DE71C20DC973E0070942E /* ACAppDelegate.m in Sources */,
			);
			runOnlyForDeploymentPostprocessing = 0;
		};
/* End PBXSourcesBuildPhase section */

/* Begin PBXVariantGroup section */
		FA8DE72020DC973E0070942E /* Main.storyboard */ = {
			isa = PBXVariantGroup;
			children = (
				FA8DE72120DC973E0070942E /* Base */,
			);
			name = Main.storyboard;
			sourceTree = "<group>";
		};
		FA8DE72520DC97400070942E /* LaunchScreen.storyboard */ = {
			isa = PBXVariantGroup;
			children = (
				FA8DE72620DC97400070942E /* Base */,
			);
			name = LaunchScreen.storyboard;
			sourceTree = "<group>";
		};
/* End PBXVariantGroup section */

/* Begin XCBuildConfiguration section */
		FA8DE72B20DC97400070942E /* Debug */ = {
			isa = XCBuildConfiguration;
			buildSettings = {
				ALWAYS_SEARCH_USER_PATHS = NO;
				CLANG_ANALYZER_NONNULL = YES;
				CLANG_ANALYZER_NUMBER_OBJECT_CONVERSION = YES_AGGRESSIVE;
				CLANG_CXX_LANGUAGE_STANDARD = "gnu++14";
				CLANG_CXX_LIBRARY = "libc++";
				CLANG_ENABLE_MODULES = YES;
				CLANG_ENABLE_OBJC_ARC = YES;
				CLANG_ENABLE_OBJC_WEAK = YES;
				CLANG_WARN_BLOCK_CAPTURE_AUTORELEASING = YES;
				CLANG_WARN_BOOL_CONVERSION = YES;
				CLANG_WARN_COMMA = YES;
				CLANG_WARN_CONSTANT_CONVERSION = YES;
				CLANG_WARN_DEPRECATED_OBJC_IMPLEMENTATIONS = YES;
				CLANG_WARN_DIRECT_OBJC_ISA_USAGE = YES_ERROR;
				CLANG_WARN_DOCUMENTATION_COMMENTS = YES;
				CLANG_WARN_EMPTY_BODY = YES;
				CLANG_WARN_ENUM_CONVERSION = YES;
				CLANG_WARN_INFINITE_RECURSION = YES;
				CLANG_WARN_INT_CONVERSION = YES;
				CLANG_WARN_NON_LITERAL_NULL_CONVERSION = YES;
				CLANG_WARN_OBJC_IMPLICIT_RETAIN_SELF = YES;
				CLANG_WARN_OBJC_LITERAL_CONVERSION = YES;
				CLANG_WARN_OBJC_ROOT_CLASS = YES_ERROR;
				CLANG_WARN_RANGE_LOOP_ANALYSIS = YES;
				CLANG_WARN_STRICT_PROTOTYPES = YES;
				CLANG_WARN_SUSPICIOUS_MOVE = YES;
				CLANG_WARN_UNGUARDED_AVAILABILITY = YES_AGGRESSIVE;
				CLANG_WARN_UNREACHABLE_CODE = YES;
				CLANG_WARN__DUPLICATE_METHOD_MATCH = YES;
				CODE_SIGN_IDENTITY = "iPhone Developer";
				COPY_PHASE_STRIP = NO;
				DEBUG_INFORMATION_FORMAT = dwarf;
				ENABLE_STRICT_OBJC_MSGSEND = YES;
				ENABLE_TESTABILITY = YES;
				GCC_C_LANGUAGE_STANDARD = gnu11;
				GCC_DYNAMIC_NO_PIC = NO;
				GCC_NO_COMMON_BLOCKS = YES;
				GCC_OPTIMIZATION_LEVEL = 0;
				GCC_PREPROCESSOR_DEFINITIONS = (
					"DEBUG=1",
					"$(inherited)",
				);
				GCC_WARN_64_TO_32_BIT_CONVERSION = YES;
				GCC_WARN_ABOUT_RETURN_TYPE = YES_ERROR;
				GCC_WARN_UNDECLARED_SELECTOR = YES;
				GCC_WARN_UNINITIALIZED_AUTOS = YES_AGGRESSIVE;
				GCC_WARN_UNUSED_FUNCTION = YES;
				GCC_WARN_UNUSED_VARIABLE = YES;
				IPHONEOS_DEPLOYMENT_TARGET = 11.4;
				MTL_ENABLE_DEBUG_INFO = YES;
				ONLY_ACTIVE_ARCH = YES;
				SDKROOT = iphoneos;
			};
			name = Debug;
		};
		FA8DE72C20DC97400070942E /* Release */ = {
			isa = XCBuildConfiguration;
			buildSettings = {
				ALWAYS_SEARCH_USER_PATHS = NO;
				CLANG_ANALYZER_NONNULL = YES;
				CLANG_ANALYZER_NUMBER_OBJECT_CONVERSION = YES_AGGRESSIVE;
				CLANG_CXX_LANGUAGE_STANDARD = "gnu++14";
				CLANG_CXX_LIBRARY = "libc++";
				CLANG_ENABLE_MODULES = YES;
				CLANG_ENABLE_OBJC_ARC = YES;
				CLANG_ENABLE_OBJC_WEAK = YES;
				CLANG_WARN_BLOCK_CAPTURE_AUTORELEASING = YES;
				CLANG_WARN_BOOL_CONVERSION = YES;
				CLANG_WARN_COMMA = YES;
				CLANG_WARN_CONSTANT_CONVERSION = YES;
				CLANG_WARN_DEPRECATED_OBJC_IMPLEMENTATIONS = YES;
				CLANG_WARN_DIRECT_OBJC_ISA_USAGE = YES_ERROR;
				CLANG_WARN_DOCUMENTATION_COMMENTS = YES;
				CLANG_WARN_EMPTY_BODY = YES;
				CLANG_WARN_ENUM_CONVERSION = YES;
				CLANG_WARN_INFINITE_RECURSION = YES;
				CLANG_WARN_INT_CONVERSION = YES;
				CLANG_WARN_NON_LITERAL_NULL_CONVERSION = YES;
				CLANG_WARN_OBJC_IMPLICIT_RETAIN_SELF = YES;
				CLANG_WARN_OBJC_LITERAL_CONVERSION = YES;
				CLANG_WARN_OBJC_ROOT_CLASS = YES_ERROR;
				CLANG_WARN_RANGE_LOOP_ANALYSIS = YES;
				CLANG_WARN_STRICT_PROTOTYPES = YES;
				CLANG_WARN_SUSPICIOUS_MOVE = YES;
				CLANG_WARN_UNGUARDED_AVAILABILITY = YES_AGGRESSIVE;
				CLANG_WARN_UNREACHABLE_CODE = YES;
				CLANG_WARN__DUPLICATE_METHOD_MATCH = YES;
				CODE_SIGN_IDENTITY = "iPhone Developer";
				COPY_PHASE_STRIP = NO;
				DEBUG_INFORMATION_FORMAT = "dwarf-with-dsym";
				ENABLE_NS_ASSERTIONS = NO;
				ENABLE_STRICT_OBJC_MSGSEND = YES;
				GCC_C_LANGUAGE_STANDARD = gnu11;
				GCC_NO_COMMON_BLOCKS = YES;
				GCC_WARN_64_TO_32_BIT_CONVERSION = YES;
				GCC_WARN_ABOUT_RETURN_TYPE = YES_ERROR;
				GCC_WARN_UNDECLARED_SELECTOR = YES;
				GCC_WARN_UNINITIALIZED_AUTOS = YES_AGGRESSIVE;
				GCC_WARN_UNUSED_FUNCTION = YES;
				GCC_WARN_UNUSED_VARIABLE = YES;
				IPHONEOS_DEPLOYMENT_TARGET = 11.4;
				MTL_ENABLE_DEBUG_INFO = NO;
				SDKROOT = iphoneos;
				VALIDATE_PRODUCT = YES;
			};
			name = Release;
		};
		FA8DE72E20DC97400070942E /* Debug */ = {
			isa = XCBuildConfiguration;
			buildSettings = {
				ASSETCATALOG_COMPILER_APPICON_NAME = AppIcon;
				CODE_SIGN_STYLE = Automatic;
				DEVELOPMENT_TEAM = 63S88Z2GR6;
				INFOPLIST_FILE = ACSwipeCardView/Info.plist;
				IPHONEOS_DEPLOYMENT_TARGET = 9.3;
				LD_RUNPATH_SEARCH_PATHS = (
					"$(inherited)",
					"@executable_path/Frameworks",
				);
				PRODUCT_BUNDLE_IDENTIFIER = Alex.ACSwipeCardView;
				PRODUCT_NAME = "$(TARGET_NAME)";
				TARGETED_DEVICE_FAMILY = "1,2";
			};
			name = Debug;
		};
		FA8DE72F20DC97400070942E /* Release */ = {
			isa = XCBuildConfiguration;
			buildSettings = {
				ASSETCATALOG_COMPILER_APPICON_NAME = AppIcon;
				CODE_SIGN_STYLE = Automatic;
				DEVELOPMENT_TEAM = 63S88Z2GR6;
				INFOPLIST_FILE = ACSwipeCardView/Info.plist;
				IPHONEOS_DEPLOYMENT_TARGET = 9.3;
				LD_RUNPATH_SEARCH_PATHS = (
					"$(inherited)",
					"@executable_path/Frameworks",
				);
				PRODUCT_BUNDLE_IDENTIFIER = Alex.ACSwipeCardView;
				PRODUCT_NAME = "$(TARGET_NAME)";
				TARGETED_DEVICE_FAMILY = "1,2";
			};
			name = Release;
		};
/* End XCBuildConfiguration section */

/* Begin XCConfigurationList section */
		FA8DE71220DC973E0070942E /* Build configuration list for PBXProject "ACSwipeCardView" */ = {
			isa = XCConfigurationList;
			buildConfigurations = (
				FA8DE72B20DC97400070942E /* Debug */,
				FA8DE72C20DC97400070942E /* Release */,
			);
			defaultConfigurationIsVisible = 0;
			defaultConfigurationName = Release;
		};
		FA8DE72D20DC97400070942E /* Build configuration list for PBXNativeTarget "ACSwipeCardView" */ = {
			isa = XCConfigurationList;
			buildConfigurations = (
				FA8DE72E20DC97400070942E /* Debug */,
				FA8DE72F20DC97400070942E /* Release */,
			);
			defaultConfigurationIsVisible = 0;
			defaultConfigurationName = Release;
		};
/* End XCConfigurationList section */
	};
	rootObject = FA8DE70F20DC973E0070942E /* Project object */;
}
